<?xml version="1.0" encoding="utf-8"?>
<Project ToolsVersion="4.0" xmlns="http://schemas.microsoft.com/developer/msbuild/2003">
  <ItemGroup>
    <Filter Include="Source Files">
      <UniqueIdentifier>{4FC737F1-C7A5-4376-A066-2A32D752A2FF}</UniqueIdentifier>
      <Extensions>cpp;c;cc;cxx;def;odl;idl;hpj;bat;asm;asmx</Extensions>
    </Filter>
    <Filter Include="Header Files">
      <UniqueIdentifier>{93995380-89BD-4b04-88EB-625FBE52EBFB}</UniqueIdentifier>
      <Extensions>h;hh;hpp;hxx;hm;inl;inc;xsd</Extensions>
    </Filter>
    <Filter Include="Resource Files">
      <UniqueIdentifier>{67DA6AB6-F800-4c08-8B7A-83BB121AAD01}</UniqueIdentifier>
      <Extensions>rc;ico;cur;bmp;dlg;rc2;rct;bin;rgs;gif;jpg;jpeg;jpe;resx;tiff;tif;png;wav;mfcribbon-ms</Extensions>
    </Filter>
    <Filter Include="Shader">
      <UniqueIdentifier>{de8cc20f-fc5c-49cf-8add-0e382d76bb8d}</UniqueIdentifier>
    </Filter>
  </ItemGroup>
  <ItemGroup>
    <ClCompile Include="glad.c">
      <Filter>Source Files</Filter>
    </ClCompile>
    <ClCompile Include="main.cpp">
      <Filter>Source Files</Filter>
    </ClCompile>
    <ClCompile Include="stb_image_def.cpp">
      <Filter>Source Files</Filter>
    </ClCompile>
    <ClCompile Include="Camera.cpp">
      <Filter>Source Files</Filter>
    </ClCompile>
    <ClCompile Include="Render\Renderer.cpp">
      <Filter>Source Files</Filter>
    </ClCompile>
    <ClCompile Include="InputHandler.cpp">
      <Filter>Source Files</Filter>
    </ClCompile>
    <ClCompile Include="Texture\Texture.cpp">
      <Filter>Source Files</Filter>
    </ClCompile>
    <ClCompile Include="SceneGraph\CameraNode.cpp">
      <Filter>Source Files</Filter>
    </ClCompile>
    <ClCompile Include="SceneGraph\MeshNode.cpp">
      <Filter>Source Files</Filter>
    </ClCompile>
    <ClCompile Include="SceneGraph\PlayerNode.cpp">
      <Filter>Source Files</Filter>
    </ClCompile>
    <ClCompile Include="SceneGraph\SceneNode.cpp">
      <Filter>Source Files</Filter>
    </ClCompile>
    <ClCompile Include="SceneGraph\TransformNode.cpp">
      <Filter>Source Files</Filter>
    </ClCompile>
    <ClCompile Include="Importers\MeshImporter.cpp">
      <Filter>Source Files</Filter>
    </ClCompile>
    <ClCompile Include="Importers\MeshLoadInfo.cpp">
      <Filter>Source Files</Filter>
    </ClCompile>
    <ClCompile Include="Importers\ShaderImporter.cpp">
      <Filter>Source Files</Filter>
    </ClCompile>
    <ClCompile Include="Shader\LightingShaderProgram.cpp">
      <Filter>Source Files</Filter>
    </ClCompile>
    <ClCompile Include="Shader\ShaderProgram.cpp">
      <Filter>Source Files</Filter>
    </ClCompile>
    <ClCompile Include="Shader\SimpleLightingShaderProgram.cpp">
      <Filter>Source Files</Filter>
    </ClCompile>
    <ClCompile Include="Shader\TextureShaderProgram.cpp">
      <Filter>Source Files</Filter>
    </ClCompile>
    <ClCompile Include="SceneGraph\LightNode\DirectionalLightNode.cpp">
      <Filter>Source Files</Filter>
    </ClCompile>
    <ClCompile Include="SceneGraph\LightNode\LightNode.cpp">
      <Filter>Source Files</Filter>
    </ClCompile>
    <ClCompile Include="SceneGraph\LightNode\PointLightNode.cpp">
      <Filter>Source Files</Filter>
    </ClCompile>
    <ClCompile Include="SceneGraph\LightNode\SpotLightNode.cpp">
      <Filter>Source Files</Filter>
    </ClCompile>
    <ClCompile Include="Shader\LightShaftShaderProgram.cpp">
      <Filter>Source Files</Filter>
    </ClCompile>
    <ClCompile Include="LightShaft.cpp">
      <Filter>Source Files</Filter>
    </ClCompile>
    <ClCompile Include="Shader\LightShaftMarkerShaderProgram.cpp">
      <Filter>Source Files</Filter>
    </ClCompile>
  </ItemGroup>
  <ItemGroup>
    <Text Include="Shader\Vertex\LightShaftVertexShader.glsl" />
    <Text Include="Shader\Fragment\LightShaftFragmentShader.glsl" />
    <Text Include="Shader\Fragment\LightShaftMarkerFragmentShader.glsl" />
    <Text Include="Shader\Geometry\LightShaftMarkerGeometryShader.glsl" />
    <Text Include="Shader\Vertex\LightShaftMarkerVertexShader.glsl" />
    <Text Include="Shader\Fragment\testFragmenShader.glsl" />
    <Text Include="Shader\Vertex\testVertexShader.glsl" />
    <Text Include="Assets\Models\teapot.obj" />
  </ItemGroup>
  <ItemGroup>
    <ClInclude Include="shader.h">
      <Filter>Header Files</Filter>
    </ClInclude>
    <ClInclude Include="stb_image.h">
      <Filter>Header Files</Filter>
    </ClInclude>
    <ClInclude Include="Camera.h">
      <Filter>Header Files</Filter>
    </ClInclude>
    <ClInclude Include="Render\Renderer.h">
      <Filter>Header Files</Filter>
    </ClInclude>
    <ClInclude Include="InputHandler.h">
      <Filter>Header Files</Filter>
    </ClInclude>
    <ClInclude Include="Texture\MipmapStateEnum.h">
      <Filter>Header Files</Filter>
    </ClInclude>
    <ClInclude Include="Texture\SamplerStateEnum.h">
      <Filter>Header Files</Filter>
    </ClInclude>
    <ClInclude Include="Texture\Texture.h">
      <Filter>Header Files</Filter>
    </ClInclude>
    <ClInclude Include="SceneGraph\CameraNode.h">
      <Filter>Header Files</Filter>
    </ClInclude>
    <ClInclude Include="SceneGraph\MeshNode.h">
      <Filter>Header Files</Filter>
    </ClInclude>
    <ClInclude Include="SceneGraph\PlayerNode.h">
      <Filter>Header Files</Filter>
    </ClInclude>
    <ClInclude Include="SceneGraph\SceneGraphEnum.h">
      <Filter>Header Files</Filter>
    </ClInclude>
    <ClInclude Include="SceneGraph\SceneNode.h">
      <Filter>Header Files</Filter>
    </ClInclude>
    <ClInclude Include="SceneGraph\TransformNode.h">
      <Filter>Header Files</Filter>
    </ClInclude>
    <ClInclude Include="Importers\MeshImporter.h">
      <Filter>Header Files</Filter>
    </ClInclude>
    <ClInclude Include="Importers\MeshLoadInfo.h">
      <Filter>Header Files</Filter>
    </ClInclude>
    <ClInclude Include="Importers\ShaderImporter.h">
      <Filter>Header Files</Filter>
    </ClInclude>
    <ClInclude Include="Shader\LightingShaderProgram.h">
      <Filter>Header Files</Filter>
    </ClInclude>
    <ClInclude Include="Shader\ShaderProgram.h">
      <Filter>Header Files</Filter>
    </ClInclude>
    <ClInclude Include="Shader\SimpleLightingShaderProgram.h">
      <Filter>Header Files</Filter>
    </ClInclude>
    <ClInclude Include="Shader\TextureShaderProgram.h">
      <Filter>Header Files</Filter>
    </ClInclude>
    <ClInclude Include="Util\FileChecker.h">
      <Filter>Header Files</Filter>
    </ClInclude>
    <ClInclude Include="Util\UuidHelper.h">
      <Filter>Header Files</Filter>
    </ClInclude>
    <ClInclude Include="SceneGraph\LightNode\DirectionalLightNode.h">
      <Filter>Header Files</Filter>
    </ClInclude>
    <ClInclude Include="SceneGraph\LightNode\LightNode.h">
      <Filter>Header Files</Filter>
    </ClInclude>
    <ClInclude Include="SceneGraph\LightNode\LightsEnum.h">
      <Filter>Header Files</Filter>
    </ClInclude>
    <ClInclude Include="SceneGraph\LightNode\PointLightNode.h">
      <Filter>Header Files</Filter>
    </ClInclude>
    <ClInclude Include="SceneGraph\LightNode\SpotLightNode.h">
      <Filter>Header Files</Filter>
    </ClInclude>
    <ClInclude Include="Shader\LightShaftShaderProgram.h">
      <Filter>Header Files</Filter>
    </ClInclude>
    <ClInclude Include="LightShaft.h">
      <Filter>Header Files</Filter>
    </ClInclude>
    <ClInclude Include="Shader\LightShaftMarkerShaderProgram.h">
      <Filter>Header Files</Filter>
    </ClInclude>
  </ItemGroup>
  <ItemGroup>
    <None Include="Shader\Vertex\BloomVertexShader.glsl" />
    <None Include="Shader\Vertex\BlurVertexShader.glsl" />
    <None Include="Shader\Vertex\DepthDirVertexShader.vertexshader" />
    <None Include="Shader\Vertex\DepthOfFieldVertexShader.glsl" />
    <None Include="Shader\Vertex\DepthVertexShader.vertexshader" />
    <None Include="Shader\Vertex\DirShadowMappingVertexShader.vertexshader" />
    <None Include="Shader\Vertex\HighPassVertexShader.glsl" />
    <None Include="Shader\Vertex\RenderSurfaceVertexShader.glsl" />
    <None Include="Shader\Vertex\ShadowMappingVertexShader.vertexshader" />
    <None Include="Shader\Vertex\TextVertexShader.vertexshader" />
    <None Include="Shader\Fragment\BloomFragmentShader.glsl" />
    <None Include="Shader\Fragment\BlurFragmentShader.glsl" />
    <None Include="Shader\Fragment\DepthDirFragmentShader.fragmentshader" />
    <None Include="Shader\Fragment\DepthFragmentShader.fragmentshader" />
    <None Include="Shader\Fragment\DepthOfFieldFragmentShader.glsl" />
    <None Include="Shader\Fragment\DirShadowMappingFragmentShader.fragmentshader" />
    <None Include="Shader\Fragment\HighPassFragmentShader.glsl" />
    <None Include="Shader\Fragment\RenderSurfaceFragmentShader.glsl" />
    <None Include="Shader\Fragment\ShadowMappingFragmentShader.fragmentshader" />
    <None Include="Shader\Fragment\TextFragmentShader.fragmentshader" />
    <None Include="Shader\Geometry\DepthGeometryShader.geometryshader" />
    <None Include="Shader\Fragment\SimpleFragmentShader.glsl" />
    <None Include="Shader\Vertex\SimpleVertexShader.glsl" />
  </ItemGroup>
</Project>